Microsoft Visual Studio Solution File, Format Version 12.00
# Visual Studio Version 17
VisualStudioVersion = 17.5.2.0
MinimumVisualStudioVersion = 10.0.40219.1
Project("{2150E333-8FDC-42A3-9474-1A3956D46DE8}") = "Exemplo Fundamantos", "Exemplo Fundamantos", "{2F1DD25E-7B20-D7E2-E70D-574A35C0C72E}"
EndProject
Project("{FAE04EC0-301F-11D3-BF4B-00C04F79EFBC}") = "HelloWorld", "Exemplo Fundamantos\HelloWorld\HelloWorld.csproj", "{48F07581-3DF7-3942-4B96-7A9A00B5760A}"
EndProject
Global
	GlobalSection(SolutionConfigurationPlatforms) = preSolution
		Debug|Any CPU = Debug|Any CPU
		Release|Any CPU = Release|Any CPU
	EndGlobalSection
	GlobalSection(ProjectConfigurationPlatforms) = postSolution
		{48F07581-3DF7-3942-4B96-7A9A00B5760A}.Debug|Any CPU.ActiveCfg = Debug|Any CPU
		{48F07581-3DF7-3942-4B96-7A9A00B5760A}.Debug|Any CPU.Build.0 = Debug|Any CPU
		{48F07581-3DF7-3942-4B96-7A9A00B5760A}.Release|Any CPU.ActiveCfg = Release|Any CPU
		{48F07581-3DF7-3942-4B96-7A9A00B5760A}.Release|Any CPU.Build.0 = Release|Any CPU
	EndGlobalSection
	GlobalSection(SolutionProperties) = preSolution
		HideSolutionNode = FALSE
	EndGlobalSection
	GlobalSection(NestedProjects) = preSolution
		{48F07581-3DF7-3942-4B96-7A9A00B5760A} = {2F1DD25E-7B20-D7E2-E70D-574A35C0C72E}
	EndGlobalSection
	GlobalSection(ExtensibilityGlobals) = postSolution
		SolutionGuid = {D8B1191B-F381-4DB4-824D-6056D6302165}
	EndGlobalSection
EndGlobal
